
Microsoft Visual Studio Solution File, Format Version 12.00
# Visual Studio Version 17
VisualStudioVersion = 17.9.34616.47
MinimumVisualStudioVersion = 10.0.40219.1
Project("{FAE04EC0-301F-11D3-BF4B-00C04F79EFBC}") = "EventEase_01", "EventEase_01\EventEase_01.csproj", "{101E2117-B79E-4DBF-8A8C-6D0B4677B832}"
EndProject
Global
	GlobalSection(SolutionConfigurationPlatforms) = preSolution
		Debug|Any CPU = Debug|Any CPU
		Release|Any CPU = Release|Any CPU
	EndGlobalSection
	GlobalSection(ProjectConfigurationPlatforms) = postSolution
		{101E2117-B79E-4DBF-8A8C-6D0B4677B832}.Debug|Any CPU.ActiveCfg = Debug|Any CPU
		{101E2117-B79E-4DBF-8A8C-6D0B4677B832}.Debug|Any CPU.Build.0 = Debug|Any CPU
		{101E2117-B79E-4DBF-8A8C-6D0B4677B832}.Release|Any CPU.ActiveCfg = Release|Any CPU
		{101E2117-B79E-4DBF-8A8C-6D0B4677B832}.Release|Any CPU.Build.0 = Release|Any CPU
	EndGlobalSection
	GlobalSection(SolutionProperties) = preSolution
		HideSolutionNode = FALSE
	EndGlobalSection
	GlobalSection(ExtensibilityGlobals) = postSolution
		SolutionGuid = {82295326-29F2-46B1-990F-EB78B2816B93}
	EndGlobalSection
EndGlobal
